
Microsoft Visual Studio Solution File, Format Version 12.00
# Visual Studio Version 17
VisualStudioVersion = 17.6.33717.318
MinimumVisualStudioVersion = 10.0.40219.1
Project("{8BC9CEB8-8B4A-11D0-8D11-00A0C91BC942}") = "ms02", "ms02.vcxproj", "{09249B11-442B-439C-8B60-3D4A23978268}"
EndProject
Global
	GlobalSection(SolutionConfigurationPlatforms) = preSolution
		Debug|x64 = Debug|x64
		Debug|x86 = Debug|x86
		Release|x64 = Release|x64
		Release|x86 = Release|x86
	EndGlobalSection
	GlobalSection(ProjectConfigurationPlatforms) = postSolution
		{09249B11-442B-439C-8B60-3D4A23978268}.Debug|x64.ActiveCfg = Debug|x64
		{09249B11-442B-439C-8B60-3D4A23978268}.Debug|x64.Build.0 = Debug|x64
		{09249B11-442B-439C-8B60-3D4A23978268}.Debug|x86.ActiveCfg = Debug|Win32
		{09249B11-442B-439C-8B60-3D4A23978268}.Debug|x86.Build.0 = Debug|Win32
		{09249B11-442B-439C-8B60-3D4A23978268}.Release|x64.ActiveCfg = Release|x64
		{09249B11-442B-439C-8B60-3D4A23978268}.Release|x64.Build.0 = Release|x64
		{09249B11-442B-439C-8B60-3D4A23978268}.Release|x86.ActiveCfg = Release|Win32
		{09249B11-442B-439C-8B60-3D4A23978268}.Release|x86.Build.0 = Release|Win32
	EndGlobalSection
	GlobalSection(SolutionProperties) = preSolution
		HideSolutionNode = FALSE
	EndGlobalSection
	GlobalSection(ExtensibilityGlobals) = postSolution
		SolutionGuid = {D9965802-9306-4694-AB19-6B02F1DC33A4}
	EndGlobalSection
EndGlobal
